
Microsoft Visual Studio Solution File, Format Version 12.00
# Visual Studio Version 17
VisualStudioVersion = 17.12.35521.163
MinimumVisualStudioVersion = 10.0.40219.1
Project("{FAE04EC0-301F-11D3-BF4B-00C04F79EFBC}") = "Maraudr.Stock.Endpoints", "Maraudr.Stock.Endpoints\Maraudr.Stock.Endpoints.csproj", "{279349CE-B840-4510-B4D5-586357A10E61}"
EndProject
Project("{FAE04EC0-301F-11D3-BF4B-00C04F79EFBC}") = "Maraudr.Stock.Application", "Maraudr.Stock.Application\Maraudr.Stock.Application.csproj", "{E7230CE9-5862-444B-A9F5-FD46655E7460}"
EndProject
Project("{FAE04EC0-301F-11D3-BF4B-00C04F79EFBC}") = "Maraudr.Stock.Domain", "Maraudr.Stock.Domain\Maraudr.Stock.Domain.csproj", "{9D010E64-6D09-4567-AB6C-D5FDD9E14A2B}"
EndProject
Project("{FAE04EC0-301F-11D3-BF4B-00C04F79EFBC}") = "Maraudr.Stock.Infrastructure", "Maraudr.Stock.Infrastructure\Maraudr.Stock.Infrastructure.csproj", "{229CF7A2-6C9F-4A26-8F62-EC33B0BC4F4B}"
EndProject
Project("{2150E333-8FDC-42A3-9474-1A3956D46DE8}") = "tests", "tests", "{453EB07B-F2F2-49BA-BF3D-6BCE25E025A4}"
EndProject
Project("{FAE04EC0-301F-11D3-BF4B-00C04F79EFBC}") = "Maraudr.Stock.Domain.Tests", "Maraudr.Stock.Domain.Tests\Maraudr.Stock.Domain.Tests.csproj", "{F8CF6699-921C-46AE-8397-CCCFD4376476}"
EndProject
Global
	GlobalSection(SolutionConfigurationPlatforms) = preSolution
		Debug|Any CPU = Debug|Any CPU
		Release|Any CPU = Release|Any CPU
	EndGlobalSection
	GlobalSection(ProjectConfigurationPlatforms) = postSolution
		{279349CE-B840-4510-B4D5-586357A10E61}.Debug|Any CPU.ActiveCfg = Debug|Any CPU
		{279349CE-B840-4510-B4D5-586357A10E61}.Debug|Any CPU.Build.0 = Debug|Any CPU
		{279349CE-B840-4510-B4D5-586357A10E61}.Release|Any CPU.ActiveCfg = Release|Any CPU
		{279349CE-B840-4510-B4D5-586357A10E61}.Release|Any CPU.Build.0 = Release|Any CPU
		{E7230CE9-5862-444B-A9F5-FD46655E7460}.Debug|Any CPU.ActiveCfg = Debug|Any CPU
		{E7230CE9-5862-444B-A9F5-FD46655E7460}.Debug|Any CPU.Build.0 = Debug|Any CPU
		{E7230CE9-5862-444B-A9F5-FD46655E7460}.Release|Any CPU.ActiveCfg = Release|Any CPU
		{E7230CE9-5862-444B-A9F5-FD46655E7460}.Release|Any CPU.Build.0 = Release|Any CPU
		{9D010E64-6D09-4567-AB6C-D5FDD9E14A2B}.Debug|Any CPU.ActiveCfg = Debug|Any CPU
		{9D010E64-6D09-4567-AB6C-D5FDD9E14A2B}.Debug|Any CPU.Build.0 = Debug|Any CPU
		{9D010E64-6D09-4567-AB6C-D5FDD9E14A2B}.Release|Any CPU.ActiveCfg = Release|Any CPU
		{9D010E64-6D09-4567-AB6C-D5FDD9E14A2B}.Release|Any CPU.Build.0 = Release|Any CPU
		{229CF7A2-6C9F-4A26-8F62-EC33B0BC4F4B}.Debug|Any CPU.ActiveCfg = Debug|Any CPU
		{229CF7A2-6C9F-4A26-8F62-EC33B0BC4F4B}.Debug|Any CPU.Build.0 = Debug|Any CPU
		{229CF7A2-6C9F-4A26-8F62-EC33B0BC4F4B}.Release|Any CPU.ActiveCfg = Release|Any CPU
		{229CF7A2-6C9F-4A26-8F62-EC33B0BC4F4B}.Release|Any CPU.Build.0 = Release|Any CPU
		{F8CF6699-921C-46AE-8397-CCCFD4376476}.Debug|Any CPU.ActiveCfg = Debug|Any CPU
		{F8CF6699-921C-46AE-8397-CCCFD4376476}.Debug|Any CPU.Build.0 = Debug|Any CPU
		{F8CF6699-921C-46AE-8397-CCCFD4376476}.Release|Any CPU.ActiveCfg = Release|Any CPU
		{F8CF6699-921C-46AE-8397-CCCFD4376476}.Release|Any CPU.Build.0 = Release|Any CPU
	EndGlobalSection
	GlobalSection(SolutionProperties) = preSolution
		HideSolutionNode = FALSE
	EndGlobalSection
	GlobalSection(NestedProjects) = preSolution
		{F8CF6699-921C-46AE-8397-CCCFD4376476} = {453EB07B-F2F2-49BA-BF3D-6BCE25E025A4}
	EndGlobalSection
EndGlobal
